
Microsoft Visual Studio Solution File, Format Version 12.00
# Visual Studio Version 16
VisualStudioVersion = 16.0.30717.126
MinimumVisualStudioVersion = 10.0.40219.1
Project("{9A19103F-16F7-4668-BE54-9A1E7A4F7556}") = "DebtPlanner", "src\DebtPlanner.csproj", "{0EA3649D-D546-47E2-A1ED-C1F9FCCD8657}"
EndProject
Project("{9A19103F-16F7-4668-BE54-9A1E7A4F7556}") = "DebtPlannerTests", "DebtPlannerTests\DebtPlannerTests.csproj", "{164513CB-8D23-43CC-ABC5-E20D094DB81F}"
EndProject
Project("{9A19103F-16F7-4668-BE54-9A1E7A4F7556}") = "DebtPlannerConsoleTest", "ConsoleTest\DebtPlannerConsoleTest.csproj", "{A6A82EB2-998C-43FE-876E-800FEE8911C4}"
EndProject
Project("{FAE04EC0-301F-11D3-BF4B-00C04F79EFBC}") = "DebtPlannerBlazor", "DebtPlannerBlazor\DebtPlannerBlazor.csproj", "{B9CC0375-EB23-4662-9F98-792A9E837913}"
EndProject
Global
	GlobalSection(SolutionConfigurationPlatforms) = preSolution
		Debug|Any CPU = Debug|Any CPU
		Release|Any CPU = Release|Any CPU
	EndGlobalSection
	GlobalSection(ProjectConfigurationPlatforms) = postSolution
		{0EA3649D-D546-47E2-A1ED-C1F9FCCD8657}.Debug|Any CPU.ActiveCfg = Debug|Any CPU
		{0EA3649D-D546-47E2-A1ED-C1F9FCCD8657}.Debug|Any CPU.Build.0 = Debug|Any CPU
		{0EA3649D-D546-47E2-A1ED-C1F9FCCD8657}.Release|Any CPU.ActiveCfg = Release|Any CPU
		{0EA3649D-D546-47E2-A1ED-C1F9FCCD8657}.Release|Any CPU.Build.0 = Release|Any CPU
		{164513CB-8D23-43CC-ABC5-E20D094DB81F}.Debug|Any CPU.ActiveCfg = Debug|Any CPU
		{164513CB-8D23-43CC-ABC5-E20D094DB81F}.Debug|Any CPU.Build.0 = Debug|Any CPU
		{164513CB-8D23-43CC-ABC5-E20D094DB81F}.Release|Any CPU.ActiveCfg = Release|Any CPU
		{164513CB-8D23-43CC-ABC5-E20D094DB81F}.Release|Any CPU.Build.0 = Release|Any CPU
		{A6A82EB2-998C-43FE-876E-800FEE8911C4}.Debug|Any CPU.ActiveCfg = Debug|Any CPU
		{A6A82EB2-998C-43FE-876E-800FEE8911C4}.Debug|Any CPU.Build.0 = Debug|Any CPU
		{A6A82EB2-998C-43FE-876E-800FEE8911C4}.Release|Any CPU.ActiveCfg = Release|Any CPU
		{A6A82EB2-998C-43FE-876E-800FEE8911C4}.Release|Any CPU.Build.0 = Release|Any CPU
		{B9CC0375-EB23-4662-9F98-792A9E837913}.Debug|Any CPU.ActiveCfg = Debug|Any CPU
		{B9CC0375-EB23-4662-9F98-792A9E837913}.Debug|Any CPU.Build.0 = Debug|Any CPU
		{B9CC0375-EB23-4662-9F98-792A9E837913}.Release|Any CPU.ActiveCfg = Release|Any CPU
		{B9CC0375-EB23-4662-9F98-792A9E837913}.Release|Any CPU.Build.0 = Release|Any CPU
	EndGlobalSection
	GlobalSection(SolutionProperties) = preSolution
		HideSolutionNode = FALSE
	EndGlobalSection
	GlobalSection(ExtensibilityGlobals) = postSolution
		SolutionGuid = {C5B78012-7627-494E-B8FB-5D5984EADC2E}
	EndGlobalSection
EndGlobal
